
Microsoft Visual Studio Solution File, Format Version 12.00
# Visual Studio Version 16
VisualStudioVersion = 16.0.32901.82
MinimumVisualStudioVersion = 10.0.40219.1
Project("{FAE04EC0-301F-11D3-BF4B-00C04F79EFBC}") = "Denombrement", "Denombrement\Denombrement.csproj", "{B0A0E29B-A566-49B1-AABD-D59DC8DEA513}"
EndProject
Global
	GlobalSection(SolutionConfigurationPlatforms) = preSolution
		Debug|Any CPU = Debug|Any CPU
		Release|Any CPU = Release|Any CPU
	EndGlobalSection
	GlobalSection(ProjectConfigurationPlatforms) = postSolution
		{B0A0E29B-A566-49B1-AABD-D59DC8DEA513}.Debug|Any CPU.ActiveCfg = Debug|Any CPU
		{B0A0E29B-A566-49B1-AABD-D59DC8DEA513}.Debug|Any CPU.Build.0 = Debug|Any CPU
		{B0A0E29B-A566-49B1-AABD-D59DC8DEA513}.Release|Any CPU.ActiveCfg = Release|Any CPU
		{B0A0E29B-A566-49B1-AABD-D59DC8DEA513}.Release|Any CPU.Build.0 = Release|Any CPU
	EndGlobalSection
	GlobalSection(SolutionProperties) = preSolution
		HideSolutionNode = FALSE
	EndGlobalSection
	GlobalSection(ExtensibilityGlobals) = postSolution
		SolutionGuid = {C6D1A341-4901-487B-AB86-A265885968E3}
	EndGlobalSection
EndGlobal
